
Microsoft Visual Studio Solution File, Format Version 12.00
# Visual Studio Version 17
VisualStudioVersion = 17.12.35527.113 d17.12
MinimumVisualStudioVersion = 10.0.40219.1
Project("{FAE04EC0-301F-11D3-BF4B-00C04F79EFBC}") = "OrdenacaoLivros", "OrdenacaoLivros\OrdenacaoLivros.csproj", "{F5B1414B-C8F9-4167-AF65-14F47200F896}"
EndProject
Project("{FAE04EC0-301F-11D3-BF4B-00C04F79EFBC}") = "OrdenacaoLivrosTest", "OrdenacaoLivrosTest\OrdenacaoLivrosTest.csproj", "{B0A5F859-B8B9-4EF0-B27B-4EF7776A3323}"
EndProject
Global
	GlobalSection(SolutionConfigurationPlatforms) = preSolution
		Debug|Any CPU = Debug|Any CPU
		Release|Any CPU = Release|Any CPU
	EndGlobalSection
	GlobalSection(ProjectConfigurationPlatforms) = postSolution
		{F5B1414B-C8F9-4167-AF65-14F47200F896}.Debug|Any CPU.ActiveCfg = Debug|Any CPU
		{F5B1414B-C8F9-4167-AF65-14F47200F896}.Debug|Any CPU.Build.0 = Debug|Any CPU
		{F5B1414B-C8F9-4167-AF65-14F47200F896}.Release|Any CPU.ActiveCfg = Release|Any CPU
		{F5B1414B-C8F9-4167-AF65-14F47200F896}.Release|Any CPU.Build.0 = Release|Any CPU
		{B0A5F859-B8B9-4EF0-B27B-4EF7776A3323}.Debug|Any CPU.ActiveCfg = Debug|Any CPU
		{B0A5F859-B8B9-4EF0-B27B-4EF7776A3323}.Debug|Any CPU.Build.0 = Debug|Any CPU
		{B0A5F859-B8B9-4EF0-B27B-4EF7776A3323}.Release|Any CPU.ActiveCfg = Release|Any CPU
		{B0A5F859-B8B9-4EF0-B27B-4EF7776A3323}.Release|Any CPU.Build.0 = Release|Any CPU
	EndGlobalSection
	GlobalSection(SolutionProperties) = preSolution
		HideSolutionNode = FALSE
	EndGlobalSection
EndGlobal
